
Microsoft Visual Studio Solution File, Format Version 12.00
# Visual Studio Version 16
VisualStudioVersion = 16.0.31605.320
MinimumVisualStudioVersion = 10.0.40219.1
Project("{FAE04EC0-301F-11D3-BF4B-00C04F79EFBC}") = "ma-mbse-metamodel", "ma-mbse-metamodel.csproj", "{E60627B4-55A0-4A8E-90E9-22ACB49EC4BA}"
EndProject
Global
	GlobalSection(SolutionConfigurationPlatforms) = preSolution
		Debug|x86 = Debug|x86
		Release|x86 = Release|x86
	EndGlobalSection
	GlobalSection(ProjectConfigurationPlatforms) = postSolution
		{E60627B4-55A0-4A8E-90E9-22ACB49EC4BA}.Debug|x86.ActiveCfg = Debug|x86
		{E60627B4-55A0-4A8E-90E9-22ACB49EC4BA}.Debug|x86.Build.0 = Debug|x86
		{E60627B4-55A0-4A8E-90E9-22ACB49EC4BA}.Release|x86.ActiveCfg = Release|x86
		{E60627B4-55A0-4A8E-90E9-22ACB49EC4BA}.Release|x86.Build.0 = Release|x86
	EndGlobalSection
	GlobalSection(SolutionProperties) = preSolution
		HideSolutionNode = FALSE
	EndGlobalSection
	GlobalSection(ExtensibilityGlobals) = postSolution
		SolutionGuid = {D31557D6-4FA5-48DD-9C3F-6C345D21EEB1}
	EndGlobalSection
EndGlobal
